# This file is automatically @generated by Poetry 1.8.2 and should not be changed by hand.

[[package]]
name = "annotated-types"
version = "0.7.0"
description = "Reusable constraint types to use with typing.Annotated"
optional = false
python-versions = ">=3.8"
files = [
    {file = "annotated_types-0.7.0-py3-none-any.whl", hash = "sha256:1f02e8b43a8fbbc3f3e0d4f0f4bfc8131bcb4eebe8849b8e5c773f3a1c582a53"},
    {file = "annotated_types-0.7.0.tar.gz", hash = "sha256:aff07c09a53a08bc8cfccb9c85b05f1aa9a2a6f23728d790723543408344ce89"},
]

[[package]]
name = "anyio"
version = "4.4.0"
description = "High level compatibility layer for multiple asynchronous event loop implementations"
optional = false
python-versions = ">=3.8"
files = [
    {file = "anyio-4.4.0-py3-none-any.whl", hash = "sha256:c1b2d8f46a8a812513012e1107cb0e68c17159a7a594208005a57dc776e1bdc7"},
    {file = "anyio-4.4.0.tar.gz", hash = "sha256:5aadc6a1bbb7cdb0bede386cac5e2940f5e2ff3aa20277e991cf028e0585ce94"},
]

[package.dependencies]
exceptiongroup = {version = ">=1.0.2", markers = "python_version < \"3.11\""}
idna = ">=2.8"
sniffio = ">=1.1"
typing-extensions = {version = ">=4.1", markers = "python_version < \"3.11\""}

[package.extras]
doc = ["Sphinx (>=7)", "packaging", "sphinx-autodoc-typehints (>=1.2.0)", "sphinx-rtd-theme"]
test = ["anyio[trio]", "coverage[toml] (>=7)", "exceptiongroup (>=1.2.0)", "hypothesis (>=4.0)", "psutil (>=5.9)", "pytest (>=7.0)", "pytest-mock (>=3.6.1)", "trustme", "uvloop (>=0.17)"]
trio = ["trio (>=0.23)"]

[[package]]
name = "click"
version = "8.1.7"
description = "Composable command line interface toolkit"
optional = false
python-versions = ">=3.7"
files = [
    {file = "click-8.1.7-py3-none-any.whl", hash = "sha256:ae74fb96c20a0277a1d615f1e4d73c8414f5a98db8b799a7931d1582f3390c28"},
    {file = "click-8.1.7.tar.gz", hash = "sha256:ca9853ad459e787e2192211578cc907e7594e294c7ccc834310722b41b9ca6de"},
]

[package.dependencies]
colorama = {version = "*", markers = "platform_system == \"Windows\""}

[[package]]
name = "colorama"
version = "0.4.6"
description = "Cross-platform colored terminal text."
optional = false
python-versions = "!=3.0.*,!=3.1.*,!=3.2.*,!=3.3.*,!=3.4.*,!=3.5.*,!=3.6.*,>=2.7"
files = [
    {file = "colorama-0.4.6-py2.py3-none-any.whl", hash = "sha256:4f1d9991f5acc0ca119f9d443620b77f9d6b33703e51011c16baf57afb285fc6"},
    {file = "colorama-0.4.6.tar.gz", hash = "sha256:08695f5cb7ed6e0531a20572697297273c47b8cae5a63ffc6d6ed5c201be6e44"},
]

[[package]]
name = "exceptiongroup"
version = "1.2.2"
description = "Backport of PEP 654 (exception groups)"
optional = false
python-versions = ">=3.7"
files = [
    {file = "exceptiongroup-1.2.2-py3-none-any.whl", hash = "sha256:3111b9d131c238bec2f8f516e123e14ba243563fb135d3fe885990585aa7795b"},
    {file = "exceptiongroup-1.2.2.tar.gz", hash = "sha256:47c2edf7c6738fafb49fd34290706d1a1a2f4d1c6df275526b62cbb4aa5393cc"},
]

[package.extras]
test = ["pytest (>=6)"]

[[package]]
name = "fastapi"
version = "0.113.0"
description = "FastAPI framework, high performance, easy to learn, fast to code, ready for production"
optional = false
python-versions = ">=3.8"
files = [
    {file = "fastapi-0.113.0-py3-none-any.whl", hash = "sha256:c8d364485b6361fb643d53920a18d58a696e189abcb901ec03b487e35774c476"},
    {file = "fastapi-0.113.0.tar.gz", hash = "sha256:b7cf9684dc154dfc93f8b718e5850577b529889096518df44defa41e73caf50f"},
]

[package.dependencies]
pydantic = ">=1.7.4,<1.8 || >1.8,<1.8.1 || >1.8.1,<2.0.0 || >2.0.0,<2.0.1 || >2.0.1,<2.1.0 || >2.1.0,<3.0.0"
starlette = ">=0.37.2,<0.39.0"
typing-extensions = ">=4.8.0"

[package.extras]
all = ["email-validator (>=2.0.0)", "fastapi-cli[standard] (>=0.0.5)", "httpx (>=0.23.0)", "itsdangerous (>=1.1.0)", "jinja2 (>=2.11.2)", "orjson (>=3.2.1)", "pydantic-extra-types (>=2.0.0)", "pydantic-settings (>=2.0.0)", "python-multipart (>=0.0.7)", "pyyaml (>=5.3.1)", "ujson (>=4.0.1,!=4.0.2,!=4.1.0,!=4.2.0,!=4.3.0,!=5.0.0,!=5.1.0)", "uvicorn[standard] (>=0.12.0)"]
standard = ["email-validator (>=2.0.0)", "fastapi-cli[standard] (>=0.0.5)", "httpx (>=0.23.0)", "jinja2 (>=2.11.2)", "python-multipart (>=0.0.7)", "uvicorn[standard] (>=0.12.0)"]

[[package]]
name = "h11"
version = "0.14.0"
description = "A pure-Python, bring-your-own-I/O implementation of HTTP/1.1"
optional = false
python-versions = ">=3.7"
files = [
    {file = "h11-0.14.0-py3-none-any.whl", hash = "sha256:e3fe4ac4b851c468cc8363d500db52c2ead036020723024a109d37346efaa761"},
    {file = "h11-0.14.0.tar.gz", hash = "sha256:8f19fbbe99e72420ff35c00b27a34cb9937e902a8b810e2c88300c6f0a3b699d"},
]

[[package]]
name = "idna"
version = "3.8"
description = "Internationalized Domain Names in Applications (IDNA)"
optional = false
python-versions = ">=3.6"
files = [
    {file = "idna-3.8-py3-none-any.whl", hash = "sha256:050b4e5baadcd44d760cedbd2b8e639f2ff89bbc7a5730fcc662954303377aac"},
    {file = "idna-3.8.tar.gz", hash = "sha256:d838c2c0ed6fced7693d5e8ab8e734d5f8fda53a039c0164afb0b82e771e3603"},
]

[[package]]
name = "mysql-connector-python"
version = "8.3.0"
description = "MySQL driver written in Python"
optional = false
python-versions = ">=3.8"
files = [
    {file = "mysql-connector-python-8.3.0.tar.gz", hash = "sha256:e4ff23aa8036b4c5b6463fa81398bb5a528a29f99955de6ba937f0bba57a2fe3"},
    {file = "mysql_connector_python-8.3.0-cp310-cp310-macosx_13_0_arm64.whl", hash = "sha256:f4ee7e07cca6b744874d60d6b0b24817d9246eb4e8d7269b7ddbe68763a0bd13"},
    {file = "mysql_connector_python-8.3.0-cp310-cp310-macosx_13_0_x86_64.whl", hash = "sha256:5718e426cf67f041772d4984f709052201883f74190ba6feaddce5cbd3b99e6f"},
    {file = "mysql_connector_python-8.3.0-cp310-cp310-manylinux_2_17_aarch64.whl", hash = "sha256:0deb38f05057e12af091a48e03a1ff00e213945880000f802879fae5665e7502"},
    {file = "mysql_connector_python-8.3.0-cp310-cp310-manylinux_2_17_x86_64.whl", hash = "sha256:4be4165e4cd5acb4659261ddc74e9164d2dfa0d795d5695d52f2bf39ea0762fa"},
    {file = "mysql_connector_python-8.3.0-cp310-cp310-win_amd64.whl", hash = "sha256:51d97bf771519829797556718d81e8b9bdcd0a00427740ca57c085094c8bde17"},
    {file = "mysql_connector_python-8.3.0-cp311-cp311-macosx_13_0_arm64.whl", hash = "sha256:5e2c86c60be08c71bae755d811fe8b89ec4feb8117ec3440ebc6c042dd6f06bc"},
    {file = "mysql_connector_python-8.3.0-cp311-cp311-macosx_13_0_x86_64.whl", hash = "sha256:de74055944b214bff56e1752ec213d705c421414c67a250fb695af0c5c214135"},
    {file = "mysql_connector_python-8.3.0-cp311-cp311-manylinux_2_17_aarch64.whl", hash = "sha256:b2901391b651d60dab3cc8985df94976fc1ea59fa7324c5b19d0a4177914c8dd"},
    {file = "mysql_connector_python-8.3.0-cp311-cp311-manylinux_2_17_x86_64.whl", hash = "sha256:55cb57d8098c721abce20fdef23232663977c0e5c87a4d0f9f73466f32c7d168"},
    {file = "mysql_connector_python-8.3.0-cp311-cp311-win_amd64.whl", hash = "sha256:201e609159b84a247be87b76f5deb79e8c6b368e91f043790e62077f13f3fed8"},
    {file = "mysql_connector_python-8.3.0-cp312-cp312-macosx_13_0_arm64.whl", hash = "sha256:c57d02fd6c28be444487e7905ede09e3fecb18377cf82908ca262826369d3401"},
    {file = "mysql_connector_python-8.3.0-cp312-cp312-macosx_13_0_x86_64.whl", hash = "sha256:9302d774025e76a0fac46bfeea8854b3d6819715a6a16ff23bfcda04218a76b7"},
    {file = "mysql_connector_python-8.3.0-cp312-cp312-manylinux_2_17_aarch64.whl", hash = "sha256:85fa878fdd6accaeb7d609bd2637c2cfa61592e7f9bdbdc0da18b2fa998d3d5a"},
    {file = "mysql_connector_python-8.3.0-cp312-cp312-manylinux_2_17_x86_64.whl", hash = "sha256:de0f2f2baa9e091ca8bdc4a091f874f9cd0b84b256389596adb0e032a05fe9f9"},
    {file = "mysql_connector_python-8.3.0-cp312-cp312-win_amd64.whl", hash = "sha256:27f8be2087627366a44a6831ec68b568c98dbf0f4ceff24682d90c21db6e0f1f"},
    {file = "mysql_connector_python-8.3.0-cp38-cp38-macosx_13_0_x86_64.whl", hash = "sha256:ec6dc3434a7deef74ab04e8978f6c5e181866a5423006c1b5aec5390a189d28d"},
    {file = "mysql_connector_python-8.3.0-cp38-cp38-manylinux_2_17_aarch64.whl", hash = "sha256:73ee8bc5f9626c42b37342a91a825cddb3461f6bfbbd6524d8ccfd3293aaa088"},
    {file = "mysql_connector_python-8.3.0-cp38-cp38-manylinux_2_17_x86_64.whl", hash = "sha256:1db5b48b4ff7d24344217ed2418b162c7677eec86ab9766dc0e5feae39c90974"},
    {file = "mysql_connector_python-8.3.0-cp38-cp38-win_amd64.whl", hash = "sha256:77bae496566d3da77bb0e938d89243103d20ee41633f626a47785470451bf45c"},
    {file = "mysql_connector_python-8.3.0-cp39-cp39-macosx_13_0_arm64.whl", hash = "sha256:f7acacdf9fd4260702f360c00952ad9a9cc73e8b7475e0d0c973c085a3dd7b7d"},
    {file = "mysql_connector_python-8.3.0-cp39-cp39-macosx_13_0_x86_64.whl", hash = "sha256:5f707a9b040ad4700fc447ba955c78b08f2dd5affde37ac2401918f7b6daaba3"},
    {file = "mysql_connector_python-8.3.0-cp39-cp39-manylinux_2_17_aarch64.whl", hash = "sha256:125714c998a697592bc56cce918a1acc58fadc510a7f588dbef3e53a1920e086"},
    {file = "mysql_connector_python-8.3.0-cp39-cp39-manylinux_2_17_x86_64.whl", hash = "sha256:7f4f5fa844c19ee3a78c4606f6e138b06829e75469592d90246a290c7befc322"},
    {file = "mysql_connector_python-8.3.0-cp39-cp39-win_amd64.whl", hash = "sha256:de5c3ee89d9276356f93df003949d3ba4c486f32fec9ec9fd7bc0caab124d89c"},
    {file = "mysql_connector_python-8.3.0-py2.py3-none-any.whl", hash = "sha256:e868ccc7ad9fbc242546db04673d89cee87d12b8139affd114524553df4e5d6a"},
]

[package.extras]
dns-srv = ["dnspython (>=1.16.0,<=2.3.0)"]
fido2 = ["fido2 (==1.1.2)"]
gssapi = ["gssapi (>=1.6.9,<=1.8.2)"]
opentelemetry = ["Deprecated (>=1.2.6)", "typing-extensions (>=3.7.4)", "zipp (>=0.5)"]

[[package]]
name = "numpy"
version = "1.26.4"
description = "Fundamental package for array computing in Python"
optional = false
python-versions = ">=3.9"
files = [
    {file = "numpy-1.26.4-cp310-cp310-macosx_10_9_x86_64.whl", hash = "sha256:9ff0f4f29c51e2803569d7a51c2304de5554655a60c5d776e35b4a41413830d0"},
    {file = "numpy-1.26.4-cp310-cp310-macosx_11_0_arm64.whl", hash = "sha256:2e4ee3380d6de9c9ec04745830fd9e2eccb3e6cf790d39d7b98ffd19b0dd754a"},
    {file = "numpy-1.26.4-cp310-cp310-manylinux_2_17_aarch64.manylinux2014_aarch64.whl", hash = "sha256:d209d8969599b27ad20994c8e41936ee0964e6da07478d6c35016bc386b66ad4"},
    {file = "numpy-1.26.4-cp310-cp310-manylinux_2_17_x86_64.manylinux2014_x86_64.whl", hash = "sha256:ffa75af20b44f8dba823498024771d5ac50620e6915abac414251bd971b4529f"},
    {file = "numpy-1.26.4-cp310-cp310-musllinux_1_1_aarch64.whl", hash = "sha256:62b8e4b1e28009ef2846b4c7852046736bab361f7aeadeb6a5b89ebec3c7055a"},
    {file = "numpy-1.26.4-cp310-cp310-musllinux_1_1_x86_64.whl", hash = "sha256:a4abb4f9001ad2858e7ac189089c42178fcce737e4169dc61321660f1a96c7d2"},
    {file = "numpy-1.26.4-cp310-cp310-win32.whl", hash = "sha256:bfe25acf8b437eb2a8b2d49d443800a5f18508cd811fea3181723922a8a82b07"},
    {file = "numpy-1.26.4-cp310-cp310-win_amd64.whl", hash = "sha256:b97fe8060236edf3662adfc2c633f56a08ae30560c56310562cb4f95500022d5"},
    {file = "numpy-1.26.4-cp311-cp311-macosx_10_9_x86_64.whl", hash = "sha256:4c66707fabe114439db9068ee468c26bbdf909cac0fb58686a42a24de1760c71"},
    {file = "numpy-1.26.4-cp311-cp311-macosx_11_0_arm64.whl", hash = "sha256:edd8b5fe47dab091176d21bb6de568acdd906d1887a4584a15a9a96a1dca06ef"},
    {file = "numpy-1.26.4-cp311-cp311-manylinux_2_17_aarch64.manylinux2014_aarch64.whl", hash = "sha256:7ab55401287bfec946ced39700c053796e7cc0e3acbef09993a9ad2adba6ca6e"},
    {file = "numpy-1.26.4-cp311-cp311-manylinux_2_17_x86_64.manylinux2014_x86_64.whl", hash = "sha256:666dbfb6ec68962c033a450943ded891bed2d54e6755e35e5835d63f4f6931d5"},
    {file = "numpy-1.26.4-cp311-cp311-musllinux_1_1_aarch64.whl", hash = "sha256:96ff0b2ad353d8f990b63294c8986f1ec3cb19d749234014f4e7eb0112ceba5a"},
    {file = "numpy-1.26.4-cp311-cp311-musllinux_1_1_x86_64.whl", hash = "sha256:60dedbb91afcbfdc9bc0b1f3f402804070deed7392c23eb7a7f07fa857868e8a"},
    {file = "numpy-1.26.4-cp311-cp311-win32.whl", hash = "sha256:1af303d6b2210eb850fcf03064d364652b7120803a0b872f5211f5234b399f20"},
    {file = "numpy-1.26.4-cp311-cp311-win_amd64.whl", hash = "sha256:cd25bcecc4974d09257ffcd1f098ee778f7834c3ad767fe5db785be9a4aa9cb2"},
    {file = "numpy-1.26.4-cp312-cp312-macosx_10_9_x86_64.whl", hash = "sha256:b3ce300f3644fb06443ee2222c2201dd3a89ea6040541412b8fa189341847218"},
    {file = "numpy-1.26.4-cp312-cp312-macosx_11_0_arm64.whl", hash = "sha256:03a8c78d01d9781b28a6989f6fa1bb2c4f2d51201cf99d3dd875df6fbd96b23b"},
    {file = "numpy-1.26.4-cp312-cp312-manylinux_2_17_aarch64.manylinux2014_aarch64.whl", hash = "sha256:9fad7dcb1aac3c7f0584a5a8133e3a43eeb2fe127f47e3632d43d677c66c102b"},
    {file = "numpy-1.26.4-cp312-cp312-manylinux_2_17_x86_64.manylinux2014_x86_64.whl", hash = "sha256:675d61ffbfa78604709862923189bad94014bef562cc35cf61d3a07bba02a7ed"},
    {file = "numpy-1.26.4-cp312-cp312-musllinux_1_1_aarch64.whl", hash = "sha256:ab47dbe5cc8210f55aa58e4805fe224dac469cde56b9f731a4c098b91917159a"},
    {file = "numpy-1.26.4-cp312-cp312-musllinux_1_1_x86_64.whl", hash = "sha256:1dda2e7b4ec9dd512f84935c5f126c8bd8b9f2fc001e9f54af255e8c5f16b0e0"},
    {file = "numpy-1.26.4-cp312-cp312-win32.whl", hash = "sha256:50193e430acfc1346175fcbdaa28ffec49947a06918b7b92130744e81e640110"},
    {file = "numpy-1.26.4-cp312-cp312-win_amd64.whl", hash = "sha256:08beddf13648eb95f8d867350f6a018a4be2e5ad54c8d8caed89ebca558b2818"},
    {file = "numpy-1.26.4-cp39-cp39-macosx_10_9_x86_64.whl", hash = "sha256:7349ab0fa0c429c82442a27a9673fc802ffdb7c7775fad780226cb234965e53c"},
    {file = "numpy-1.26.4-cp39-cp39-macosx_11_0_arm64.whl", hash = "sha256:52b8b60467cd7dd1e9ed082188b4e6bb35aa5cdd01777621a1658910745b90be"},
    {file = "numpy-1.26.4-cp39-cp39-manylinux_2_17_aarch64.manylinux2014_aarch64.whl", hash = "sha256:d5241e0a80d808d70546c697135da2c613f30e28251ff8307eb72ba696945764"},
    {file = "numpy-1.26.4-cp39-cp39-manylinux_2_17_x86_64.manylinux2014_x86_64.whl", hash = "sha256:f870204a840a60da0b12273ef34f7051e98c3b5961b61b0c2c1be6dfd64fbcd3"},
    {file = "numpy-1.26.4-cp39-cp39-musllinux_1_1_aarch64.whl", hash = "sha256:679b0076f67ecc0138fd2ede3a8fd196dddc2ad3254069bcb9faf9a79b1cebcd"},
    {file = "numpy-1.26.4-cp39-cp39-musllinux_1_1_x86_64.whl", hash = "sha256:47711010ad8555514b434df65f7d7b076bb8261df1ca9bb78f53d3b2db02e95c"},
    {file = "numpy-1.26.4-cp39-cp39-win32.whl", hash = "sha256:a354325ee03388678242a4d7ebcd08b5c727033fcff3b2f536aea978e15ee9e6"},
    {file = "numpy-1.26.4-cp39-cp39-win_amd64.whl", hash = "sha256:3373d5d70a5fe74a2c1bb6d2cfd9609ecf686d47a2d7b1d37a8f3b6bf6003aea"},
    {file = "numpy-1.26.4-pp39-pypy39_pp73-macosx_10_9_x86_64.whl", hash = "sha256:afedb719a9dcfc7eaf2287b839d8198e06dcd4cb5d276a3df279231138e83d30"},
    {file = "numpy-1.26.4-pp39-pypy39_pp73-manylinux_2_17_x86_64.manylinux2014_x86_64.whl", hash = "sha256:95a7476c59002f2f6c590b9b7b998306fba6a5aa646b1e22ddfeaf8f78c3a29c"},
    {file = "numpy-1.26.4-pp39-pypy39_pp73-win_amd64.whl", hash = "sha256:7e50d0a0cc3189f9cb0aeb3a6a6af18c16f59f004b866cd2be1c14b36134a4a0"},
    {file = "numpy-1.26.4.tar.gz", hash = "sha256:2a02aba9ed12e4ac4eb3ea9421c420301a0c6460d9830d74a9df87efa4912010"},
]

[[package]]
name = "pandas"
version = "2.2.1"
description = "Powerful data structures for data analysis, time series, and statistics"
optional = false
python-versions = ">=3.9"
files = [
    {file = "pandas-2.2.1-cp310-cp310-macosx_10_9_x86_64.whl", hash = "sha256:8df8612be9cd1c7797c93e1c5df861b2ddda0b48b08f2c3eaa0702cf88fb5f88"},
    {file = "pandas-2.2.1-cp310-cp310-macosx_11_0_arm64.whl", hash = "sha256:0f573ab277252ed9aaf38240f3b54cfc90fff8e5cab70411ee1d03f5d51f3944"},
    {file = "pandas-2.2.1-cp310-cp310-manylinux_2_17_aarch64.manylinux2014_aarch64.whl", hash = "sha256:f02a3a6c83df4026e55b63c1f06476c9aa3ed6af3d89b4f04ea656ccdaaaa359"},
    {file = "pandas-2.2.1-cp310-cp310-manylinux_2_17_x86_64.manylinux2014_x86_64.whl", hash = "sha256:c38ce92cb22a4bea4e3929429aa1067a454dcc9c335799af93ba9be21b6beb51"},
    {file = "pandas-2.2.1-cp310-cp310-musllinux_1_1_aarch64.whl", hash = "sha256:c2ce852e1cf2509a69e98358e8458775f89599566ac3775e70419b98615f4b06"},
    {file = "pandas-2.2.1-cp310-cp310-musllinux_1_1_x86_64.whl", hash = "sha256:53680dc9b2519cbf609c62db3ed7c0b499077c7fefda564e330286e619ff0dd9"},
    {file = "pandas-2.2.1-cp310-cp310-win_amd64.whl", hash = "sha256:94e714a1cca63e4f5939cdce5f29ba8d415d85166be3441165edd427dc9f6bc0"},
    {file = "pandas-2.2.1-cp311-cp311-macosx_10_9_x86_64.whl", hash = "sha256:f821213d48f4ab353d20ebc24e4faf94ba40d76680642fb7ce2ea31a3ad94f9b"},
    {file = "pandas-2.2.1-cp311-cp311-macosx_11_0_arm64.whl", hash = "sha256:c70e00c2d894cb230e5c15e4b1e1e6b2b478e09cf27cc593a11ef955b9ecc81a"},
    {file = "pandas-2.2.1-cp311-cp311-manylinux_2_17_aarch64.manylinux2014_aarch64.whl", hash = "sha256:e97fbb5387c69209f134893abc788a6486dbf2f9e511070ca05eed4b930b1b02"},
    {file = "pandas-2.2.1-cp311-cp311-manylinux_2_17_x86_64.manylinux2014_x86_64.whl", hash = "sha256:101d0eb9c5361aa0146f500773395a03839a5e6ecde4d4b6ced88b7e5a1a6403"},
    {file = "pandas-2.2.1-cp311-cp311-musllinux_1_1_aarch64.whl", hash = "sha256:7d2ed41c319c9fb4fd454fe25372028dfa417aacb9790f68171b2e3f06eae8cd"},
    {file = "pandas-2.2.1-cp311-cp311-musllinux_1_1_x86_64.whl", hash = "sha256:af5d3c00557d657c8773ef9ee702c61dd13b9d7426794c9dfeb1dc4a0bf0ebc7"},
    {file = "pandas-2.2.1-cp311-cp311-win_amd64.whl", hash = "sha256:06cf591dbaefb6da9de8472535b185cba556d0ce2e6ed28e21d919704fef1a9e"},
    {file = "pandas-2.2.1-cp312-cp312-macosx_10_9_x86_64.whl", hash = "sha256:88ecb5c01bb9ca927ebc4098136038519aa5d66b44671861ffab754cae75102c"},
    {file = "pandas-2.2.1-cp312-cp312-macosx_11_0_arm64.whl", hash = "sha256:04f6ec3baec203c13e3f8b139fb0f9f86cd8c0b94603ae3ae8ce9a422e9f5bee"},
    {file = "pandas-2.2.1-cp312-cp312-manylinux_2_17_aarch64.manylinux2014_aarch64.whl", hash = "sha256:a935a90a76c44fe170d01e90a3594beef9e9a6220021acfb26053d01426f7dc2"},
    {file = "pandas-2.2.1-cp312-cp312-manylinux_2_17_x86_64.manylinux2014_x86_64.whl", hash = "sha256:c391f594aae2fd9f679d419e9a4d5ba4bce5bb13f6a989195656e7dc4b95c8f0"},
    {file = "pandas-2.2.1-cp312-cp312-musllinux_1_1_aarch64.whl", hash = "sha256:9d1265545f579edf3f8f0cb6f89f234f5e44ba725a34d86535b1a1d38decbccc"},
    {file = "pandas-2.2.1-cp312-cp312-musllinux_1_1_x86_64.whl", hash = "sha256:11940e9e3056576ac3244baef2fedade891977bcc1cb7e5cc8f8cc7d603edc89"},
    {file = "pandas-2.2.1-cp312-cp312-win_amd64.whl", hash = "sha256:4acf681325ee1c7f950d058b05a820441075b0dd9a2adf5c4835b9bc056bf4fb"},
    {file = "pandas-2.2.1-cp39-cp39-macosx_10_9_x86_64.whl", hash = "sha256:9bd8a40f47080825af4317d0340c656744f2bfdb6819f818e6ba3cd24c0e1397"},
    {file = "pandas-2.2.1-cp39-cp39-macosx_11_0_arm64.whl", hash = "sha256:df0c37ebd19e11d089ceba66eba59a168242fc6b7155cba4ffffa6eccdfb8f16"},
    {file = "pandas-2.2.1-cp39-cp39-manylinux_2_17_aarch64.manylinux2014_aarch64.whl", hash = "sha256:739cc70eaf17d57608639e74d63387b0d8594ce02f69e7a0b046f117974b3019"},
    {file = "pandas-2.2.1-cp39-cp39-manylinux_2_17_x86_64.manylinux2014_x86_64.whl", hash = "sha256:f9d3558d263073ed95e46f4650becff0c5e1ffe0fc3a015de3c79283dfbdb3df"},
    {file = "pandas-2.2.1-cp39-cp39-musllinux_1_1_aarch64.whl", hash = "sha256:4aa1d8707812a658debf03824016bf5ea0d516afdea29b7dc14cf687bc4d4ec6"},
    {file = "pandas-2.2.1-cp39-cp39-musllinux_1_1_x86_64.whl", hash = "sha256:76f27a809cda87e07f192f001d11adc2b930e93a2b0c4a236fde5429527423be"},
    {file = "pandas-2.2.1-cp39-cp39-win_amd64.whl", hash = "sha256:1ba21b1d5c0e43416218db63037dbe1a01fc101dc6e6024bcad08123e48004ab"},
    {file = "pandas-2.2.1.tar.gz", hash = "sha256:0ab90f87093c13f3e8fa45b48ba9f39181046e8f3317d3aadb2fffbb1b978572"},
]

[package.dependencies]
numpy = [
    {version = ">=1.22.4,<2", markers = "python_version < \"3.11\""},
    {version = ">=1.23.2,<2", markers = "python_version == \"3.11\""},
    {version = ">=1.26.0,<2", markers = "python_version >= \"3.12\""},
]
python-dateutil = ">=2.8.2"
pytz = ">=2020.1"
tzdata = ">=2022.7"

[package.extras]
all = ["PyQt5 (>=5.15.9)", "SQLAlchemy (>=2.0.0)", "adbc-driver-postgresql (>=0.8.0)", "adbc-driver-sqlite (>=0.8.0)", "beautifulsoup4 (>=4.11.2)", "bottleneck (>=1.3.6)", "dataframe-api-compat (>=0.1.7)", "fastparquet (>=2022.12.0)", "fsspec (>=2022.11.0)", "gcsfs (>=2022.11.0)", "html5lib (>=1.1)", "hypothesis (>=6.46.1)", "jinja2 (>=3.1.2)", "lxml (>=4.9.2)", "matplotlib (>=3.6.3)", "numba (>=0.56.4)", "numexpr (>=2.8.4)", "odfpy (>=1.4.1)", "openpyxl (>=3.1.0)", "pandas-gbq (>=0.19.0)", "psycopg2 (>=2.9.6)", "pyarrow (>=10.0.1)", "pymysql (>=1.0.2)", "pyreadstat (>=1.2.0)", "pytest (>=7.3.2)", "pytest-xdist (>=2.2.0)", "python-calamine (>=0.1.7)", "pyxlsb (>=1.0.10)", "qtpy (>=2.3.0)", "s3fs (>=2022.11.0)", "scipy (>=1.10.0)", "tables (>=3.8.0)", "tabulate (>=0.9.0)", "xarray (>=2022.12.0)", "xlrd (>=2.0.1)", "xlsxwriter (>=3.0.5)", "zstandard (>=0.19.0)"]
aws = ["s3fs (>=2022.11.0)"]
clipboard = ["PyQt5 (>=5.15.9)", "qtpy (>=2.3.0)"]
compression = ["zstandard (>=0.19.0)"]
computation = ["scipy (>=1.10.0)", "xarray (>=2022.12.0)"]
consortium-standard = ["dataframe-api-compat (>=0.1.7)"]
excel = ["odfpy (>=1.4.1)", "openpyxl (>=3.1.0)", "python-calamine (>=0.1.7)", "pyxlsb (>=1.0.10)", "xlrd (>=2.0.1)", "xlsxwriter (>=3.0.5)"]
feather = ["pyarrow (>=10.0.1)"]
fss = ["fsspec (>=2022.11.0)"]
gcp = ["gcsfs (>=2022.11.0)", "pandas-gbq (>=0.19.0)"]
hdf5 = ["tables (>=3.8.0)"]
html = ["beautifulsoup4 (>=4.11.2)", "html5lib (>=1.1)", "lxml (>=4.9.2)"]
mysql = ["SQLAlchemy (>=2.0.0)", "pymysql (>=1.0.2)"]
output-formatting = ["jinja2 (>=3.1.2)", "tabulate (>=0.9.0)"]
parquet = ["pyarrow (>=10.0.1)"]
performance = ["bottleneck (>=1.3.6)", "numba (>=0.56.4)", "numexpr (>=2.8.4)"]
plot = ["matplotlib (>=3.6.3)"]
postgresql = ["SQLAlchemy (>=2.0.0)", "adbc-driver-postgresql (>=0.8.0)", "psycopg2 (>=2.9.6)"]
pyarrow = ["pyarrow (>=10.0.1)"]
spss = ["pyreadstat (>=1.2.0)"]
sql-other = ["SQLAlchemy (>=2.0.0)", "adbc-driver-postgresql (>=0.8.0)", "adbc-driver-sqlite (>=0.8.0)"]
test = ["hypothesis (>=6.46.1)", "pytest (>=7.3.2)", "pytest-xdist (>=2.2.0)"]
xml = ["lxml (>=4.9.2)"]

[[package]]
name = "pydantic"
version = "2.9.0"
description = "Data validation using Python type hints"
optional = false
python-versions = ">=3.8"
files = [
    {file = "pydantic-2.9.0-py3-none-any.whl", hash = "sha256:f66a7073abd93214a20c5f7b32d56843137a7a2e70d02111f3be287035c45370"},
    {file = "pydantic-2.9.0.tar.gz", hash = "sha256:c7a8a9fdf7d100afa49647eae340e2d23efa382466a8d177efcd1381e9be5598"},
]

[package.dependencies]
annotated-types = ">=0.4.0"
pydantic-core = "2.23.2"
typing-extensions = [
    {version = ">=4.6.1", markers = "python_version < \"3.13\""},
    {version = ">=4.12.2", markers = "python_version >= \"3.13\""},
]
tzdata = {version = "*", markers = "python_version >= \"3.9\""}

[package.extras]
email = ["email-validator (>=2.0.0)"]

[[package]]
name = "pydantic-core"
version = "2.23.2"
description = "Core functionality for Pydantic validation and serialization"
optional = false
python-versions = ">=3.8"
files = [
    {file = "pydantic_core-2.23.2-cp310-cp310-macosx_10_12_x86_64.whl", hash = "sha256:7d0324a35ab436c9d768753cbc3c47a865a2cbc0757066cb864747baa61f6ece"},
    {file = "pydantic_core-2.23.2-cp310-cp310-macosx_11_0_arm64.whl", hash = "sha256:276ae78153a94b664e700ac362587c73b84399bd1145e135287513442e7dfbc7"},
    {file = "pydantic_core-2.23.2-cp310-cp310-manylinux_2_17_aarch64.manylinux2014_aarch64.whl", hash = "sha256:964c7aa318da542cdcc60d4a648377ffe1a2ef0eb1e996026c7f74507b720a78"},
    {file = "pydantic_core-2.23.2-cp310-cp310-manylinux_2_17_armv7l.manylinux2014_armv7l.whl", hash = "sha256:1cf842265a3a820ebc6388b963ead065f5ce8f2068ac4e1c713ef77a67b71f7c"},
    {file = "pydantic_core-2.23.2-cp310-cp310-manylinux_2_17_ppc64le.manylinux2014_ppc64le.whl", hash = "sha256:ae90b9e50fe1bd115b24785e962b51130340408156d34d67b5f8f3fa6540938e"},
    {file = "pydantic_core-2.23.2-cp310-cp310-manylinux_2_17_s390x.manylinux2014_s390x.whl", hash = "sha256:8ae65fdfb8a841556b52935dfd4c3f79132dc5253b12c0061b96415208f4d622"},
    {file = "pydantic_core-2.23.2-cp310-cp310-manylinux_2_17_x86_64.manylinux2014_x86_64.whl", hash = "sha256:5c8aa40f6ca803f95b1c1c5aeaee6237b9e879e4dfb46ad713229a63651a95fb"},
    {file = "pydantic_core-2.23.2-cp310-cp310-manylinux_2_5_i686.manylinux1_i686.whl", hash = "sha256:c53100c8ee5a1e102766abde2158077d8c374bee0639201f11d3032e3555dfbc"},
    {file = "pydantic_core-2.23.2-cp310-cp310-musllinux_1_1_aarch64.whl", hash = "sha256:d6b9dd6aa03c812017411734e496c44fef29b43dba1e3dd1fa7361bbacfc1354"},
    {file = "pydantic_core-2.23.2-cp310-cp310-musllinux_1_1_x86_64.whl", hash = "sha256:b18cf68255a476b927910c6873d9ed00da692bb293c5b10b282bd48a0afe3ae2"},
    {file = "pydantic_core-2.23.2-cp310-none-win32.whl", hash = "sha256:e460475719721d59cd54a350c1f71c797c763212c836bf48585478c5514d2854"},
    {file = "pydantic_core-2.23.2-cp310-none-win_amd64.whl", hash = "sha256:5f3cf3721eaf8741cffaf092487f1ca80831202ce91672776b02b875580e174a"},
    {file = "pydantic_core-2.23.2-cp311-cp311-macosx_10_12_x86_64.whl", hash = "sha256:7ce8e26b86a91e305858e018afc7a6e932f17428b1eaa60154bd1f7ee888b5f8"},
    {file = "pydantic_core-2.23.2-cp311-cp311-macosx_11_0_arm64.whl", hash = "sha256:7e9b24cca4037a561422bf5dc52b38d390fb61f7bfff64053ce1b72f6938e6b2"},
    {file = "pydantic_core-2.23.2-cp311-cp311-manylinux_2_17_aarch64.manylinux2014_aarch64.whl", hash = "sha256:753294d42fb072aa1775bfe1a2ba1012427376718fa4c72de52005a3d2a22178"},
    {file = "pydantic_core-2.23.2-cp311-cp311-manylinux_2_17_armv7l.manylinux2014_armv7l.whl", hash = "sha256:257d6a410a0d8aeb50b4283dea39bb79b14303e0fab0f2b9d617701331ed1515"},
    {file = "pydantic_core-2.23.2-cp311-cp311-manylinux_2_17_ppc64le.manylinux2014_ppc64le.whl", hash = "sha256:c8319e0bd6a7b45ad76166cc3d5d6a36c97d0c82a196f478c3ee5346566eebfd"},
    {file = "pydantic_core-2.23.2-cp311-cp311-manylinux_2_17_s390x.manylinux2014_s390x.whl", hash = "sha256:7a05c0240f6c711eb381ac392de987ee974fa9336071fb697768dfdb151345ce"},
    {file = "pydantic_core-2.23.2-cp311-cp311-manylinux_2_17_x86_64.manylinux2014_x86_64.whl", hash = "sha256:8d5b0ff3218858859910295df6953d7bafac3a48d5cd18f4e3ed9999efd2245f"},
    {file = "pydantic_core-2.23.2-cp311-cp311-manylinux_2_5_i686.manylinux1_i686.whl", hash = "sha256:96ef39add33ff58cd4c112cbac076726b96b98bb8f1e7f7595288dcfb2f10b57"},
    {file = "pydantic_core-2.23.2-cp311-cp311-musllinux_1_1_aarch64.whl", hash = "sha256:0102e49ac7d2df3379ef8d658d3bc59d3d769b0bdb17da189b75efa861fc07b4"},
    {file = "pydantic_core-2.23.2-cp311-cp311-musllinux_1_1_x86_64.whl", hash = "sha256:a6612c2a844043e4d10a8324c54cdff0042c558eef30bd705770793d70b224aa"},
    {file = "pydantic_core-2.23.2-cp311-none-win32.whl", hash = "sha256:caffda619099cfd4f63d48462f6aadbecee3ad9603b4b88b60cb821c1b258576"},
    {file = "pydantic_core-2.23.2-cp311-none-win_amd64.whl", hash = "sha256:6f80fba4af0cb1d2344869d56430e304a51396b70d46b91a55ed4959993c0589"},
    {file = "pydantic_core-2.23.2-cp312-cp312-macosx_10_12_x86_64.whl", hash = "sha256:4c83c64d05ffbbe12d4e8498ab72bdb05bcc1026340a4a597dc647a13c1605ec"},
    {file = "pydantic_core-2.23.2-cp312-cp312-macosx_11_0_arm64.whl", hash = "sha256:6294907eaaccf71c076abdd1c7954e272efa39bb043161b4b8aa1cd76a16ce43"},
    {file = "pydantic_core-2.23.2-cp312-cp312-manylinux_2_17_aarch64.manylinux2014_aarch64.whl", hash = "sha256:4a801c5e1e13272e0909c520708122496647d1279d252c9e6e07dac216accc41"},
    {file = "pydantic_core-2.23.2-cp312-cp312-manylinux_2_17_armv7l.manylinux2014_armv7l.whl", hash = "sha256:cc0c316fba3ce72ac3ab7902a888b9dc4979162d320823679da270c2d9ad0cad"},
    {file = "pydantic_core-2.23.2-cp312-cp312-manylinux_2_17_ppc64le.manylinux2014_ppc64le.whl", hash = "sha256:6b06c5d4e8701ac2ba99a2ef835e4e1b187d41095a9c619c5b185c9068ed2a49"},
    {file = "pydantic_core-2.23.2-cp312-cp312-manylinux_2_17_s390x.manylinux2014_s390x.whl", hash = "sha256:82764c0bd697159fe9947ad59b6db6d7329e88505c8f98990eb07e84cc0a5d81"},
    {file = "pydantic_core-2.23.2-cp312-cp312-manylinux_2_17_x86_64.manylinux2014_x86_64.whl", hash = "sha256:2b1a195efd347ede8bcf723e932300292eb13a9d2a3c1f84eb8f37cbbc905b7f"},
    {file = "pydantic_core-2.23.2-cp312-cp312-manylinux_2_5_i686.manylinux1_i686.whl", hash = "sha256:b7efb12e5071ad8d5b547487bdad489fbd4a5a35a0fc36a1941517a6ad7f23e0"},
    {file = "pydantic_core-2.23.2-cp312-cp312-musllinux_1_1_aarch64.whl", hash = "sha256:5dd0ec5f514ed40e49bf961d49cf1bc2c72e9b50f29a163b2cc9030c6742aa73"},
    {file = "pydantic_core-2.23.2-cp312-cp312-musllinux_1_1_x86_64.whl", hash = "sha256:820f6ee5c06bc868335e3b6e42d7ef41f50dfb3ea32fbd523ab679d10d8741c0"},
    {file = "pydantic_core-2.23.2-cp312-none-win32.whl", hash = "sha256:3713dc093d5048bfaedbba7a8dbc53e74c44a140d45ede020dc347dda18daf3f"},
    {file = "pydantic_core-2.23.2-cp312-none-win_amd64.whl", hash = "sha256:e1895e949f8849bc2757c0dbac28422a04be031204df46a56ab34bcf98507342"},
    {file = "pydantic_core-2.23.2-cp313-cp313-macosx_10_12_x86_64.whl", hash = "sha256:da43cbe593e3c87d07108d0ebd73771dc414488f1f91ed2e204b0370b94b37ac"},
    {file = "pydantic_core-2.23.2-cp313-cp313-macosx_11_0_arm64.whl", hash = "sha256:64d094ea1aa97c6ded4748d40886076a931a8bf6f61b6e43e4a1041769c39dd2"},
    {file = "pydantic_core-2.23.2-cp313-cp313-manylinux_2_17_aarch64.manylinux2014_aarch64.whl", hash = "sha256:084414ffe9a85a52940b49631321d636dadf3576c30259607b75516d131fecd0"},
    {file = "pydantic_core-2.23.2-cp313-cp313-manylinux_2_17_armv7l.manylinux2014_armv7l.whl", hash = "sha256:043ef8469f72609c4c3a5e06a07a1f713d53df4d53112c6d49207c0bd3c3bd9b"},
    {file = "pydantic_core-2.23.2-cp313-cp313-manylinux_2_17_ppc64le.manylinux2014_ppc64le.whl", hash = "sha256:3649bd3ae6a8ebea7dc381afb7f3c6db237fc7cebd05c8ac36ca8a4187b03b30"},
    {file = "pydantic_core-2.23.2-cp313-cp313-manylinux_2_17_s390x.manylinux2014_s390x.whl", hash = "sha256:6db09153d8438425e98cdc9a289c5fade04a5d2128faff8f227c459da21b9703"},
    {file = "pydantic_core-2.23.2-cp313-cp313-manylinux_2_17_x86_64.manylinux2014_x86_64.whl", hash = "sha256:5668b3173bb0b2e65020b60d83f5910a7224027232c9f5dc05a71a1deac9f960"},
    {file = "pydantic_core-2.23.2-cp313-cp313-manylinux_2_5_i686.manylinux1_i686.whl", hash = "sha256:1c7b81beaf7c7ebde978377dc53679c6cba0e946426fc7ade54251dfe24a7604"},
    {file = "pydantic_core-2.23.2-cp313-cp313-musllinux_1_1_aarch64.whl", hash = "sha256:ae579143826c6f05a361d9546446c432a165ecf1c0b720bbfd81152645cb897d"},
    {file = "pydantic_core-2.23.2-cp313-cp313-musllinux_1_1_x86_64.whl", hash = "sha256:19f1352fe4b248cae22a89268720fc74e83f008057a652894f08fa931e77dced"},
    {file = "pydantic_core-2.23.2-cp313-none-win32.whl", hash = "sha256:e1a79ad49f346aa1a2921f31e8dbbab4d64484823e813a002679eaa46cba39e1"},
    {file = "pydantic_core-2.23.2-cp313-none-win_amd64.whl", hash = "sha256:582871902e1902b3c8e9b2c347f32a792a07094110c1bca6c2ea89b90150caac"},
    {file = "pydantic_core-2.23.2-cp38-cp38-macosx_10_12_x86_64.whl", hash = "sha256:743e5811b0c377eb830150d675b0847a74a44d4ad5ab8845923d5b3a756d8100"},
    {file = "pydantic_core-2.23.2-cp38-cp38-macosx_11_0_arm64.whl", hash = "sha256:6650a7bbe17a2717167e3e23c186849bae5cef35d38949549f1c116031b2b3aa"},
    {file = "pydantic_core-2.23.2-cp38-cp38-manylinux_2_17_aarch64.manylinux2014_aarch64.whl", hash = "sha256:56e6a12ec8d7679f41b3750ffa426d22b44ef97be226a9bab00a03365f217b2b"},
    {file = "pydantic_core-2.23.2-cp38-cp38-manylinux_2_17_armv7l.manylinux2014_armv7l.whl", hash = "sha256:810ca06cca91de9107718dc83d9ac4d2e86efd6c02cba49a190abcaf33fb0472"},
    {file = "pydantic_core-2.23.2-cp38-cp38-manylinux_2_17_ppc64le.manylinux2014_ppc64le.whl", hash = "sha256:785e7f517ebb9890813d31cb5d328fa5eda825bb205065cde760b3150e4de1f7"},
    {file = "pydantic_core-2.23.2-cp38-cp38-manylinux_2_17_s390x.manylinux2014_s390x.whl", hash = "sha256:3ef71ec876fcc4d3bbf2ae81961959e8d62f8d74a83d116668409c224012e3af"},
    {file = "pydantic_core-2.23.2-cp38-cp38-manylinux_2_17_x86_64.manylinux2014_x86_64.whl", hash = "sha256:d50ac34835c6a4a0d456b5db559b82047403c4317b3bc73b3455fefdbdc54b0a"},
    {file = "pydantic_core-2.23.2-cp38-cp38-manylinux_2_5_i686.manylinux1_i686.whl", hash = "sha256:16b25a4a120a2bb7dab51b81e3d9f3cde4f9a4456566c403ed29ac81bf49744f"},
    {file = "pydantic_core-2.23.2-cp38-cp38-musllinux_1_1_aarch64.whl", hash = "sha256:41ae8537ad371ec018e3c5da0eb3f3e40ee1011eb9be1da7f965357c4623c501"},
    {file = "pydantic_core-2.23.2-cp38-cp38-musllinux_1_1_x86_64.whl", hash = "sha256:07049ec9306ec64e955b2e7c40c8d77dd78ea89adb97a2013d0b6e055c5ee4c5"},
    {file = "pydantic_core-2.23.2-cp38-none-win32.whl", hash = "sha256:086c5db95157dc84c63ff9d96ebb8856f47ce113c86b61065a066f8efbe80acf"},
    {file = "pydantic_core-2.23.2-cp38-none-win_amd64.whl", hash = "sha256:67b6655311b00581914aba481729971b88bb8bc7996206590700a3ac85e457b8"},
    {file = "pydantic_core-2.23.2-cp39-cp39-macosx_10_12_x86_64.whl", hash = "sha256:358331e21a897151e54d58e08d0219acf98ebb14c567267a87e971f3d2a3be59"},
    {file = "pydantic_core-2.23.2-cp39-cp39-macosx_11_0_arm64.whl", hash = "sha256:c4d9f15ffe68bcd3898b0ad7233af01b15c57d91cd1667f8d868e0eacbfe3f87"},
    {file = "pydantic_core-2.23.2-cp39-cp39-manylinux_2_17_aarch64.manylinux2014_aarch64.whl", hash = "sha256:0123655fedacf035ab10c23450163c2f65a4174f2bb034b188240a6cf06bb123"},
    {file = "pydantic_core-2.23.2-cp39-cp39-manylinux_2_17_armv7l.manylinux2014_armv7l.whl", hash = "sha256:e6e3ccebdbd6e53474b0bb7ab8b88e83c0cfe91484b25e058e581348ee5a01a5"},
    {file = "pydantic_core-2.23.2-cp39-cp39-manylinux_2_17_ppc64le.manylinux2014_ppc64le.whl", hash = "sha256:fc535cb898ef88333cf317777ecdfe0faac1c2a3187ef7eb061b6f7ecf7e6bae"},
    {file = "pydantic_core-2.23.2-cp39-cp39-manylinux_2_17_s390x.manylinux2014_s390x.whl", hash = "sha256:aab9e522efff3993a9e98ab14263d4e20211e62da088298089a03056980a3e69"},
    {file = "pydantic_core-2.23.2-cp39-cp39-manylinux_2_17_x86_64.manylinux2014_x86_64.whl", hash = "sha256:05b366fb8fe3d8683b11ac35fa08947d7b92be78ec64e3277d03bd7f9b7cda79"},
    {file = "pydantic_core-2.23.2-cp39-cp39-manylinux_2_5_i686.manylinux1_i686.whl", hash = "sha256:7568f682c06f10f30ef643a1e8eec4afeecdafde5c4af1b574c6df079e96f96c"},
    {file = "pydantic_core-2.23.2-cp39-cp39-musllinux_1_1_aarch64.whl", hash = "sha256:cdd02a08205dc90238669f082747612cb3c82bd2c717adc60f9b9ecadb540f80"},
    {file = "pydantic_core-2.23.2-cp39-cp39-musllinux_1_1_x86_64.whl", hash = "sha256:1a2ab4f410f4b886de53b6bddf5dd6f337915a29dd9f22f20f3099659536b2f6"},
    {file = "pydantic_core-2.23.2-cp39-none-win32.whl", hash = "sha256:0448b81c3dfcde439551bb04a9f41d7627f676b12701865c8a2574bcea034437"},
    {file = "pydantic_core-2.23.2-cp39-none-win_amd64.whl", hash = "sha256:4cebb9794f67266d65e7e4cbe5dcf063e29fc7b81c79dc9475bd476d9534150e"},
    {file = "pydantic_core-2.23.2-pp310-pypy310_pp73-macosx_10_12_x86_64.whl", hash = "sha256:e758d271ed0286d146cf7c04c539a5169a888dd0b57026be621547e756af55bc"},
    {file = "pydantic_core-2.23.2-pp310-pypy310_pp73-macosx_11_0_arm64.whl", hash = "sha256:f477d26183e94eaafc60b983ab25af2a809a1b48ce4debb57b343f671b7a90b6"},
    {file = "pydantic_core-2.23.2-pp310-pypy310_pp73-manylinux_2_17_aarch64.manylinux2014_aarch64.whl", hash = "sha256:da3131ef2b940b99106f29dfbc30d9505643f766704e14c5d5e504e6a480c35e"},
    {file = "pydantic_core-2.23.2-pp310-pypy310_pp73-manylinux_2_17_x86_64.manylinux2014_x86_64.whl", hash = "sha256:329a721253c7e4cbd7aad4a377745fbcc0607f9d72a3cc2102dd40519be75ed2"},
    {file = "pydantic_core-2.23.2-pp310-pypy310_pp73-manylinux_2_5_i686.manylinux1_i686.whl", hash = "sha256:7706e15cdbf42f8fab1e6425247dfa98f4a6f8c63746c995d6a2017f78e619ae"},
    {file = "pydantic_core-2.23.2-pp310-pypy310_pp73-musllinux_1_1_aarch64.whl", hash = "sha256:e64ffaf8f6e17ca15eb48344d86a7a741454526f3a3fa56bc493ad9d7ec63936"},
    {file = "pydantic_core-2.23.2-pp310-pypy310_pp73-musllinux_1_1_x86_64.whl", hash = "sha256:dd59638025160056687d598b054b64a79183f8065eae0d3f5ca523cde9943940"},
    {file = "pydantic_core-2.23.2-pp310-pypy310_pp73-win_amd64.whl", hash = "sha256:12625e69b1199e94b0ae1c9a95d000484ce9f0182f9965a26572f054b1537e44"},
    {file = "pydantic_core-2.23.2-pp39-pypy39_pp73-macosx_10_12_x86_64.whl", hash = "sha256:5d813fd871b3d5c3005157622ee102e8908ad6011ec915a18bd8fde673c4360e"},
    {file = "pydantic_core-2.23.2-pp39-pypy39_pp73-macosx_11_0_arm64.whl", hash = "sha256:1eb37f7d6a8001c0f86dc8ff2ee8d08291a536d76e49e78cda8587bb54d8b329"},
    {file = "pydantic_core-2.23.2-pp39-pypy39_pp73-manylinux_2_17_aarch64.manylinux2014_aarch64.whl", hash = "sha256:7ce7eaf9a98680b4312b7cebcdd9352531c43db00fca586115845df388f3c465"},
    {file = "pydantic_core-2.23.2-pp39-pypy39_pp73-manylinux_2_17_x86_64.manylinux2014_x86_64.whl", hash = "sha256:f087879f1ffde024dd2788a30d55acd67959dcf6c431e9d3682d1c491a0eb474"},
    {file = "pydantic_core-2.23.2-pp39-pypy39_pp73-manylinux_2_5_i686.manylinux1_i686.whl", hash = "sha256:6ce883906810b4c3bd90e0ada1f9e808d9ecf1c5f0b60c6b8831d6100bcc7dd6"},
    {file = "pydantic_core-2.23.2-pp39-pypy39_pp73-musllinux_1_1_aarch64.whl", hash = "sha256:a8031074a397a5925d06b590121f8339d34a5a74cfe6970f8a1124eb8b83f4ac"},
    {file = "pydantic_core-2.23.2-pp39-pypy39_pp73-musllinux_1_1_x86_64.whl", hash = "sha256:23af245b8f2f4ee9e2c99cb3f93d0e22fb5c16df3f2f643f5a8da5caff12a653"},
    {file = "pydantic_core-2.23.2-pp39-pypy39_pp73-win_amd64.whl", hash = "sha256:c57e493a0faea1e4c38f860d6862ba6832723396c884fbf938ff5e9b224200e2"},
    {file = "pydantic_core-2.23.2.tar.gz", hash = "sha256:95d6bf449a1ac81de562d65d180af5d8c19672793c81877a2eda8fde5d08f2fd"},
]

[package.dependencies]
typing-extensions = ">=4.6.0,<4.7.0 || >4.7.0"

[[package]]
name = "pyodbc"
version = "5.1.0"
description = "DB API module for ODBC"
optional = false
python-versions = ">=3.8"
files = [
    {file = "pyodbc-5.1.0-cp310-cp310-macosx_10_9_x86_64.whl", hash = "sha256:02fe9821711a2d14415eaeb4deab471d2c8b7034b107e524e414c0e133c42248"},
    {file = "pyodbc-5.1.0-cp310-cp310-macosx_11_0_arm64.whl", hash = "sha256:2cbdbd019756285dc44bc35238a3ed8dfaa454e8c8b2c3462f1710cfeebfb290"},
    {file = "pyodbc-5.1.0-cp310-cp310-manylinux_2_17_aarch64.manylinux2014_aarch64.whl", hash = "sha256:84df3bbce9bafe65abd25788d55c9f1da304f6115d70f25758ff8c85f3ce0517"},
    {file = "pyodbc-5.1.0-cp310-cp310-manylinux_2_17_x86_64.manylinux2014_x86_64.whl", hash = "sha256:218bb75d4bc67075529a65ce8ec7daeed1d83c33dd7410450fbf68d43d184d28"},
    {file = "pyodbc-5.1.0-cp310-cp310-win32.whl", hash = "sha256:eae576b3b67d21d6f237e18bb5f3df8323a2258f52c3e3afeef79269704072a9"},
    {file = "pyodbc-5.1.0-cp310-cp310-win_amd64.whl", hash = "sha256:c3b65343557f4c7753204e06f4c82c97ed212a636501f4bc27c5ce0e549eb3e8"},
    {file = "pyodbc-5.1.0-cp311-cp311-macosx_10_9_x86_64.whl", hash = "sha256:aa6f46377da303bf79bcb4b559899507df4b2559f30dcfdf191358ee4b99f3ab"},
    {file = "pyodbc-5.1.0-cp311-cp311-macosx_11_0_arm64.whl", hash = "sha256:b19d7f44cfee89901e482f554a88177e83fae76b03c3f830e0023a195d840220"},
    {file = "pyodbc-5.1.0-cp311-cp311-manylinux_2_17_aarch64.manylinux2014_aarch64.whl", hash = "sha256:3c36448322f8d6479d87c528cf52401a6ea4f509b9637750b67340382b4e1b40"},
    {file = "pyodbc-5.1.0-cp311-cp311-manylinux_2_17_x86_64.manylinux2014_x86_64.whl", hash = "sha256:1c5e0cb79222aad4b31a3602e39b242683c29c6221a16ed43f45f18fd0b73659"},
    {file = "pyodbc-5.1.0-cp311-cp311-win32.whl", hash = "sha256:92caed9d445815ed3f7e5a1249e29a4600ebc1e99404df81b6ed7671074c9227"},
    {file = "pyodbc-5.1.0-cp311-cp311-win_amd64.whl", hash = "sha256:a1bd14633e91b7a9814f4fd944c9ebb89fb7f1fd4710c4e3999b5ef041536347"},
    {file = "pyodbc-5.1.0-cp312-cp312-macosx_10_9_x86_64.whl", hash = "sha256:d3d9cc4af703c4817b6e604315910b0cf5dcb68056d52b25ca072dd59c52dcbc"},
    {file = "pyodbc-5.1.0-cp312-cp312-macosx_11_0_arm64.whl", hash = "sha256:406b8fa2133a7b6a713aa5187dba2d08cf763b5884606bed77610a7660fdfabe"},
    {file = "pyodbc-5.1.0-cp312-cp312-manylinux_2_17_aarch64.manylinux2014_aarch64.whl", hash = "sha256:f8488c3818f12207650836c5c6f7352f9ff9f56a05a05512145995e497c0bbb1"},
    {file = "pyodbc-5.1.0-cp312-cp312-manylinux_2_17_x86_64.manylinux2014_x86_64.whl", hash = "sha256:b0df69e3a500791b70b5748c68a79483b24428e4c16027b56aa0305e95c143a4"},
    {file = "pyodbc-5.1.0-cp312-cp312-win32.whl", hash = "sha256:aa4e02d3a9bf819394510b726b25f1566f8b3f0891ca400ad2d4c8b86b535b78"},
    {file = "pyodbc-5.1.0-cp312-cp312-win_amd64.whl", hash = "sha256:33f4984af38872e7bdec78007a34e4d43ae72bf9d0bae3344e79d9d0db157c0e"},
    {file = "pyodbc-5.1.0-cp38-cp38-macosx_10_9_x86_64.whl", hash = "sha256:29425e2d366e7f5828b76c7993f412a3db4f18bd5bcee00186c00b5a5965e205"},
    {file = "pyodbc-5.1.0-cp38-cp38-macosx_11_0_arm64.whl", hash = "sha256:a2bbd2e75c77dee9f3cd100c3246110abaeb9af3f7fa304ccc2934ff9c6a4fa4"},
    {file = "pyodbc-5.1.0-cp38-cp38-manylinux_2_17_aarch64.manylinux2014_aarch64.whl", hash = "sha256:3602136a936bc0c1bb9722eb2fbf2042b3ff1ddccdc4688e514b82d4b831563b"},
    {file = "pyodbc-5.1.0-cp38-cp38-manylinux_2_17_x86_64.manylinux2014_x86_64.whl", hash = "sha256:bed1c843565d3a4fd8c332ebceaf33efe817657a0505eacb97dd1b786a985b0b"},
    {file = "pyodbc-5.1.0-cp38-cp38-win32.whl", hash = "sha256:735f6da3762e5856b5580be0ed96bb946948346ebd1e526d5169a5513626a67a"},
    {file = "pyodbc-5.1.0-cp38-cp38-win_amd64.whl", hash = "sha256:c5bb4e43f6c72f5fa2c634570e0d761767d8ea49f39205229b812fb4d3fe05aa"},
    {file = "pyodbc-5.1.0-cp39-cp39-macosx_10_9_x86_64.whl", hash = "sha256:33f0f1d7764cefef6f787936bd6359670828a6086be67518ab951f1f7f503cda"},
    {file = "pyodbc-5.1.0-cp39-cp39-macosx_11_0_arm64.whl", hash = "sha256:be3b1c36c31ec7d73d0b34a8ad8743573763fadd8f2bceef1e84408252b48dce"},
    {file = "pyodbc-5.1.0-cp39-cp39-manylinux_2_17_aarch64.manylinux2014_aarch64.whl", hash = "sha256:e71a51c252b503b4d753e21ed31e640015fc0d00202d42ea42f2396fcc924b4a"},
    {file = "pyodbc-5.1.0-cp39-cp39-manylinux_2_17_x86_64.manylinux2014_x86_64.whl", hash = "sha256:af5282cc8b667af97d76f4955250619a53f25486cbb6b1f45a06b781006ffa0b"},
    {file = "pyodbc-5.1.0-cp39-cp39-win32.whl", hash = "sha256:96b2a8dc27693a517e3aad3944a7faa8be95d40d7ec1eda51a1885162eedfa33"},
    {file = "pyodbc-5.1.0-cp39-cp39-win_amd64.whl", hash = "sha256:e738c5eedb4a0cbab20cc008882f49b106054499db56864057c2530ff208cf32"},
    {file = "pyodbc-5.1.0.tar.gz", hash = "sha256:397feee44561a6580be08cedbe986436859563f4bb378f48224655c8e987ea60"},
]

[[package]]
name = "python-dateutil"
version = "2.9.0.post0"
description = "Extensions to the standard Python datetime module"
optional = false
python-versions = "!=3.0.*,!=3.1.*,!=3.2.*,>=2.7"
files = [
    {file = "python-dateutil-2.9.0.post0.tar.gz", hash = "sha256:37dd54208da7e1cd875388217d5e00ebd4179249f90fb72437e91a35459a0ad3"},
    {file = "python_dateutil-2.9.0.post0-py2.py3-none-any.whl", hash = "sha256:a8b2bc7bffae282281c8140a97d3aa9c14da0b136dfe83f850eea9a5f7470427"},
]

[package.dependencies]
six = ">=1.5"

[[package]]
name = "python-dotenv"
version = "1.0.1"
description = "Read key-value pairs from a .env file and set them as environment variables"
optional = false
python-versions = ">=3.8"
files = [
    {file = "python-dotenv-1.0.1.tar.gz", hash = "sha256:e324ee90a023d808f1959c46bcbc04446a10ced277783dc6ee09987c37ec10ca"},
    {file = "python_dotenv-1.0.1-py3-none-any.whl", hash = "sha256:f7b63ef50f1b690dddf550d03497b66d609393b40b564ed0d674909a68ebf16a"},
]

[package.extras]
cli = ["click (>=5.0)"]

[[package]]
name = "pytz"
version = "2024.1"
description = "World timezone definitions, modern and historical"
optional = false
python-versions = "*"
files = [
    {file = "pytz-2024.1-py2.py3-none-any.whl", hash = "sha256:328171f4e3623139da4983451950b28e95ac706e13f3f2630a879749e7a8b319"},
    {file = "pytz-2024.1.tar.gz", hash = "sha256:2a29735ea9c18baf14b448846bde5a48030ed267578472d8955cd0e7443a9812"},
]

[[package]]
name = "six"
version = "1.16.0"
description = "Python 2 and 3 compatibility utilities"
optional = false
python-versions = ">=2.7, !=3.0.*, !=3.1.*, !=3.2.*"
files = [
    {file = "six-1.16.0-py2.py3-none-any.whl", hash = "sha256:8abb2f1d86890a2dfb989f9a77cfcfd3e47c2a354b01111771326f8aa26e0254"},
    {file = "six-1.16.0.tar.gz", hash = "sha256:1e61c37477a1626458e36f7b1d82aa5c9b094fa4802892072e49de9c60c4c926"},
]

[[package]]
name = "sniffio"
version = "1.3.1"
description = "Sniff out which async library your code is running under"
optional = false
python-versions = ">=3.7"
files = [
    {file = "sniffio-1.3.1-py3-none-any.whl", hash = "sha256:2f6da418d1f1e0fddd844478f41680e794e6051915791a034ff65e5f100525a2"},
    {file = "sniffio-1.3.1.tar.gz", hash = "sha256:f4324edc670a0f49750a81b895f35c3adb843cca46f0530f79fc1babb23789dc"},
]

[[package]]
name = "starlette"
version = "0.38.4"
description = "The little ASGI library that shines."
optional = false
python-versions = ">=3.8"
files = [
    {file = "starlette-0.38.4-py3-none-any.whl", hash = "sha256:526f53a77f0e43b85f583438aee1a940fd84f8fd610353e8b0c1a77ad8a87e76"},
    {file = "starlette-0.38.4.tar.gz", hash = "sha256:53a7439060304a208fea17ed407e998f46da5e5d9b1addfea3040094512a6379"},
]

[package.dependencies]
anyio = ">=3.4.0,<5"
typing-extensions = {version = ">=3.10.0", markers = "python_version < \"3.10\""}

[package.extras]
full = ["httpx (>=0.22.0)", "itsdangerous", "jinja2", "python-multipart (>=0.0.7)", "pyyaml"]

[[package]]
name = "typing-extensions"
version = "4.12.2"
description = "Backported and Experimental Type Hints for Python 3.8+"
optional = false
python-versions = ">=3.8"
files = [
    {file = "typing_extensions-4.12.2-py3-none-any.whl", hash = "sha256:04e5ca0351e0f3f85c6853954072df659d0d13fac324d0072316b67d7794700d"},
    {file = "typing_extensions-4.12.2.tar.gz", hash = "sha256:1a7ead55c7e559dd4dee8856e3a88b41225abfe1ce8df57b7c13915fe121ffb8"},
]

[[package]]
name = "tzdata"
version = "2024.1"
description = "Provider of IANA time zone data"
optional = false
python-versions = ">=2"
files = [
    {file = "tzdata-2024.1-py2.py3-none-any.whl", hash = "sha256:9068bc196136463f5245e51efda838afa15aaeca9903f49050dfa2679db4d252"},
    {file = "tzdata-2024.1.tar.gz", hash = "sha256:2674120f8d891909751c38abcdfd386ac0a5a1127954fbc332af6b5ceae07efd"},
]

[[package]]
name = "uvicorn"
version = "0.30.6"
description = "The lightning-fast ASGI server."
optional = false
python-versions = ">=3.8"
files = [
    {file = "uvicorn-0.30.6-py3-none-any.whl", hash = "sha256:65fd46fe3fda5bdc1b03b94eb634923ff18cd35b2f084813ea79d1f103f711b5"},
    {file = "uvicorn-0.30.6.tar.gz", hash = "sha256:4b15decdda1e72be08209e860a1e10e92439ad5b97cf44cc945fcbee66fc5788"},
]

[package.dependencies]
click = ">=7.0"
h11 = ">=0.8"
typing-extensions = {version = ">=4.0", markers = "python_version < \"3.11\""}

[package.extras]
standard = ["colorama (>=0.4)", "httptools (>=0.5.0)", "python-dotenv (>=0.13)", "pyyaml (>=5.1)", "uvloop (>=0.14.0,!=0.15.0,!=0.15.1)", "watchfiles (>=0.13)", "websockets (>=10.4)"]

[metadata]
lock-version = "2.0"
python-versions = "^3.9"
content-hash = "316274054cd7d40a4d261977c478a95ca6250f5029ea10588fa3f94f5c57c7bb"
